// !$*UTF8*$!
{
	archiveVersion = 1;
	classes = {
	};
	objectVersion = 50;
	objects = {

/* Begin PBXBuildFile section */
		105E8B2D24D9731B00C29458 /* AppDelegate.swift in Sources */ = {isa = PBXBuildFile; fileRef = 105E8B2C24D9731B00C29458 /* AppDelegate.swift */; };
		105E8B2F24D9731B00C29458 /* SceneDelegate.swift in Sources */ = {isa = PBXBuildFile; fileRef = 105E8B2E24D9731B00C29458 /* SceneDelegate.swift */; };
		105E8B3124D9731B00C29458 /* ViewController.swift in Sources */ = {isa = PBXBuildFile; fileRef = 105E8B3024D9731B00C29458 /* ViewController.swift */; };
		105E8B3424D9731B00C29458 /* Main.storyboard in Resources */ = {isa = PBXBuildFile; fileRef = 105E8B3224D9731B00C29458 /* Main.storyboard */; };
		105E8B3624D9731D00C29458 /* Assets.xcassets in Resources */ = {isa = PBXBuildFile; fileRef = 105E8B3524D9731D00C29458 /* Assets.xcassets */; };
		105E8B3924D9731D00C29458 /* LaunchScreen.storyboard in Resources */ = {isa = PBXBuildFile; fileRef = 105E8B3724D9731D00C29458 /* LaunchScreen.storyboard */; };
		105E8B4424D9731D00C29458 /* ColonyCounter_FinalTests.swift in Sources */ = {isa = PBXBuildFile; fileRef = 105E8B4324D9731D00C29458 /* ColonyCounter_FinalTests.swift */; };
		105E8B4F24D9731D00C29458 /* ColonyCounter_FinalUITests.swift in Sources */ = {isa = PBXBuildFile; fileRef = 105E8B4E24D9731D00C29458 /* ColonyCounter_FinalUITests.swift */; };
/* End PBXBuildFile section */

/* Begin PBXContainerItemProxy section */
		105E8B4024D9731D00C29458 /* PBXContainerItemProxy */ = {
			isa = PBXContainerItemProxy;
			containerPortal = 105E8B2124D9731B00C29458 /* Project object */;
			proxyType = 1;
			remoteGlobalIDString = 105E8B2824D9731B00C29458;
			remoteInfo = ColonyCounter_Final;
		};
		105E8B4B24D9731D00C29458 /* PBXContainerItemProxy */ = {
			isa = PBXContainerItemProxy;
			containerPortal = 105E8B2124D9731B00C29458 /* Project object */;
			proxyType = 1;
			remoteGlobalIDString = 105E8B2824D9731B00C29458;
			remoteInfo = ColonyCounter_Final;
		};
/* End PBXContainerItemProxy section */

/* Begin PBXFileReference section */
		105E8B2924D9731B00C29458 /* ColonyCounter_Final.app */ = {isa = PBXFileReference; explicitFileType = wrapper.application; includeInIndex = 0; path = ColonyCounter_Final.app; sourceTree = BUILT_PRODUCTS_DIR; };
		105E8B2C24D9731B00C29458 /* AppDelegate.swift */ = {isa = PBXFileReference; lastKnownFileType = sourcecode.swift; path = AppDelegate.swift; sourceTree = "<group>"; };
		105E8B2E24D9731B00C29458 /* SceneDelegate.swift */ = {isa = PBXFileReference; lastKnownFileType = sourcecode.swift; path = SceneDelegate.swift; sourceTree = "<group>"; };
		105E8B3024D9731B00C29458 /* ViewController.swift */ = {isa = PBXFileReference; lastKnownFileType = sourcecode.swift; path = ViewController.swift; sourceTree = "<group>"; };
		105E8B3324D9731B00C29458 /* Base */ = {isa = PBXFileReference; lastKnownFileType = file.storyboard; name = Base; path = Base.lproj/Main.storyboard; sourceTree = "<group>"; };
		105E8B3524D9731D00C29458 /* Assets.xcassets */ = {isa = PBXFileReference; lastKnownFileType = folder.assetcatalog; path = Assets.xcassets; sourceTree = "<group>"; };
		105E8B3824D9731D00C29458 /* Base */ = {isa = PBXFileReference; lastKnownFileType = file.storyboard; name = Base; path = Base.lproj/LaunchScreen.storyboard; sourceTree = "<group>"; };
		105E8B3A24D9731D00C29458 /* Info.plist */ = {isa = PBXFileReference; lastKnownFileType = text.plist.xml; path = Info.plist; sourceTree = "<group>"; };
		105E8B3F24D9731D00C29458 /* ColonyCounter_FinalTests.xctest */ = {isa = PBXFileReference; explicitFileType = wrapper.cfbundle; includeInIndex = 0; path = ColonyCounter_FinalTests.xctest; sourceTree = BUILT_PRODUCTS_DIR; };
		105E8B4324D9731D00C29458 /* ColonyCounter_FinalTests.swift */ = {isa = PBXFileReference; lastKnownFileType = sourcecode.swift; path = ColonyCounter_FinalTests.swift; sourceTree = "<group>"; };
		105E8B4524D9731D00C29458 /* Info.plist */ = {isa = PBXFileReference; lastKnownFileType = text.plist.xml; path = Info.plist; sourceTree = "<group>"; };
		105E8B4A24D9731D00C29458 /* ColonyCounter_FinalUITests.xctest */ = {isa = PBXFileReference; explicitFileType = wrapper.cfbundle; includeInIndex = 0; path = ColonyCounter_FinalUITests.xctest; sourceTree = BUILT_PRODUCTS_DIR; };
		105E8B4E24D9731D00C29458 /* ColonyCounter_FinalUITests.swift */ = {isa = PBXFileReference; lastKnownFileType = sourcecode.swift; path = ColonyCounter_FinalUITests.swift; sourceTree = "<group>"; };
		105E8B5024D9731D00C29458 /* Info.plist */ = {isa = PBXFileReference; lastKnownFileType = text.plist.xml; path = Info.plist; sourceTree = "<group>"; };
/* End PBXFileReference section */

/* Begin PBXFrameworksBuildPhase section */
		105E8B2624D9731B00C29458 /* Frameworks */ = {
			isa = PBXFrameworksBuildPhase;
			buildActionMask = 2147483647;
			files = (
			);
			runOnlyForDeploymentPostprocessing = 0;
		};
		105E8B3C24D9731D00C29458 /* Frameworks */ = {
			isa = PBXFrameworksBuildPhase;
			buildActionMask = 2147483647;
			files = (
			);
			runOnlyForDeploymentPostprocessing = 0;
		};
		105E8B4724D9731D00C29458 /* Frameworks */ = {
			isa = PBXFrameworksBuildPhase;
			buildActionMask = 2147483647;
			files = (
			);
			runOnlyForDeploymentPostprocessing = 0;
		};
/* End PBXFrameworksBuildPhase section */

/* Begin PBXGroup section */
		105E8B2024D9731B00C29458 = {
			isa = PBXGroup;
			children = (
				105E8B2B24D9731B00C29458 /* ColonyCounter_Final */,
				105E8B4224D9731D00C29458 /* ColonyCounter_FinalTests */,
				105E8B4D24D9731D00C29458 /* ColonyCounter_FinalUITests */,
				105E8B2A24D9731B00C29458 /* Products */,
			);
			sourceTree = "<group>";
		};
		105E8B2A24D9731B00C29458 /* Products */ = {
			isa = PBXGroup;
			children = (
				105E8B2924D9731B00C29458 /* ColonyCounter_Final.app */,
				105E8B3F24D9731D00C29458 /* ColonyCounter_FinalTests.xctest */,
				105E8B4A24D9731D00C29458 /* ColonyCounter_FinalUITests.xctest */,
			);
			name = Products;
			sourceTree = "<group>";
		};
		105E8B2B24D9731B00C29458 /* ColonyCounter_Final */ = {
			isa = PBXGroup;
			children = (
				105E8B2C24D9731B00C29458 /* AppDelegate.swift */,
				105E8B2E24D9731B00C29458 /* SceneDelegate.swift */,
				105E8B3024D9731B00C29458 /* ViewController.swift */,
				105E8B3224D9731B00C29458 /* Main.storyboard */,
				105E8B3524D9731D00C29458 /* Assets.xcassets */,
				105E8B3724D9731D00C29458 /* LaunchScreen.storyboard */,
				105E8B3A24D9731D00C29458 /* Info.plist */,
			);
			path = ColonyCounter_Final;
			sourceTree = "<group>";
		};
		105E8B4224D9731D00C29458 /* ColonyCounter_FinalTests */ = {
			isa = PBXGroup;
			children = (
				105E8B4324D9731D00C29458 /* ColonyCounter_FinalTests.swift */,
				105E8B4524D9731D00C29458 /* Info.plist */,
			);
			path = ColonyCounter_FinalTests;
			sourceTree = "<group>";
		};
		105E8B4D24D9731D00C29458 /* ColonyCounter_FinalUITests */ = {
			isa = PBXGroup;
			children = (
				105E8B4E24D9731D00C29458 /* ColonyCounter_FinalUITests.swift */,
				105E8B5024D9731D00C29458 /* Info.plist */,
			);
			path = ColonyCounter_FinalUITests;
			sourceTree = "<group>";
		};
/* End PBXGroup section */

/* Begin PBXNativeTarget section */
		105E8B2824D9731B00C29458 /* ColonyCounter_Final */ = {
			isa = PBXNativeTarget;
			buildConfigurationList = 105E8B5324D9731D00C29458 /* Build configuration list for PBXNativeTarget "ColonyCounter_Final" */;
			buildPhases = (
				105E8B2524D9731B00C29458 /* Sources */,
				105E8B2624D9731B00C29458 /* Frameworks */,
				105E8B2724D9731B00C29458 /* Resources */,
			);
			buildRules = (
			);
			dependencies = (
			);
			name = ColonyCounter_Final;
			productName = ColonyCounter_Final;
			productReference = 105E8B2924D9731B00C29458 /* ColonyCounter_Final.app */;
			productType = "com.apple.product-type.application";
		};
		105E8B3E24D9731D00C29458 /* ColonyCounter_FinalTests */ = {
			isa = PBXNativeTarget;
			buildConfigurationList = 105E8B5624D9731D00C29458 /* Build configuration list for PBXNativeTarget "ColonyCounter_FinalTests" */;
			buildPhases = (
				105E8B3B24D9731D00C29458 /* Sources */,
				105E8B3C24D9731D00C29458 /* Frameworks */,
				105E8B3D24D9731D00C29458 /* Resources */,
			);
			buildRules = (
			);
			dependencies = (
				105E8B4124D9731D00C29458 /* PBXTargetDependency */,
			);
			name = ColonyCounter_FinalTests;
			productName = ColonyCounter_FinalTests;
			productReference = 105E8B3F24D9731D00C29458 /* ColonyCounter_FinalTests.xctest */;
			productType = "com.apple.product-type.bundle.unit-test";
		};
		105E8B4924D9731D00C29458 /* ColonyCounter_FinalUITests */ = {
			isa = PBXNativeTarget;
			buildConfigurationList = 105E8B5924D9731D00C29458 /* Build configuration list for PBXNativeTarget "ColonyCounter_FinalUITests" */;
			buildPhases = (
				105E8B4624D9731D00C29458 /* Sources */,
				105E8B4724D9731D00C29458 /* Frameworks */,
				105E8B4824D9731D00C29458 /* Resources */,
			);
			buildRules = (
			);
			dependencies = (
				105E8B4C24D9731D00C29458 /* PBXTargetDependency */,
			);
			name = ColonyCounter_FinalUITests;
			productName = ColonyCounter_FinalUITests;
			productReference = 105E8B4A24D9731D00C29458 /* ColonyCounter_FinalUITests.xctest */;
			productType = "com.apple.product-type.bundle.ui-testing";
		};
/* End PBXNativeTarget section */

/* Begin PBXProject section */
		105E8B2124D9731B00C29458 /* Project object */ = {
			isa = PBXProject;
			attributes = {
				LastSwiftUpdateCheck = 1160;
				LastUpgradeCheck = 1160;
				ORGANIZATIONNAME = "Ozan Bilgili";
				TargetAttributes = {
					105E8B2824D9731B00C29458 = {
						CreatedOnToolsVersion = 11.6;
					};
					105E8B3E24D9731D00C29458 = {
						CreatedOnToolsVersion = 11.6;
						TestTargetID = 105E8B2824D9731B00C29458;
					};
					105E8B4924D9731D00C29458 = {
						CreatedOnToolsVersion = 11.6;
						TestTargetID = 105E8B2824D9731B00C29458;
					};
				};
			};
			buildConfigurationList = 105E8B2424D9731B00C29458 /* Build configuration list for PBXProject "ColonyCounter_Final" */;
			compatibilityVersion = "Xcode 9.3";
			developmentRegion = en;
			hasScannedForEncodings = 0;
			knownRegions = (
				en,
				Base,
			);
			mainGroup = 105E8B2024D9731B00C29458;
			productRefGroup = 105E8B2A24D9731B00C29458 /* Products */;
			projectDirPath = "";
			projectRoot = "";
			targets = (
				105E8B2824D9731B00C29458 /* ColonyCounter_Final */,
				105E8B3E24D9731D00C29458 /* ColonyCounter_FinalTests */,
				105E8B4924D9731D00C29458 /* ColonyCounter_FinalUITests */,
			);
		};
/* End PBXProject section */

/* Begin PBXResourcesBuildPhase section */
		105E8B2724D9731B00C29458 /* Resources */ = {
			isa = PBXResourcesBuildPhase;
			buildActionMask = 2147483647;
			files = (
				105E8B3924D9731D00C29458 /* LaunchScreen.storyboard in Resources */,
				105E8B3624D9731D00C29458 /* Assets.xcassets in Resources */,
				105E8B3424D9731B00C29458 /* Main.storyboard in Resources */,
			);
			runOnlyForDeploymentPostprocessing = 0;
		};
		105E8B3D24D9731D00C29458 /* Resources */ = {
			isa = PBXResourcesBuildPhase;
			buildActionMask = 2147483647;
			files = (
			);
			runOnlyForDeploymentPostprocessing = 0;
		};
		105E8B4824D9731D00C29458 /* Resources */ = {
			isa = PBXResourcesBuildPhase;
			buildActionMask = 2147483647;
			files = (
			);
			runOnlyForDeploymentPostprocessing = 0;
		};
/* End PBXResourcesBuildPhase section */

/* Begin PBXSourcesBuildPhase section */
		105E8B2524D9731B00C29458 /* Sources */ = {
			isa = PBXSourcesBuildPhase;
			buildActionMask = 2147483647;
			files = (
				105E8B3124D9731B00C29458 /* ViewController.swift in Sources */,
				105E8B2D24D9731B00C29458 /* AppDelegate.swift in Sources */,
				105E8B2F24D9731B00C29458 /* SceneDelegate.swift in Sources */,
			);
			runOnlyForDeploymentPostprocessing = 0;
		};
		105E8B3B24D9731D00C29458 /* Sources */ = {
			isa = PBXSourcesBuildPhase;
			buildActionMask = 2147483647;
			files = (
				105E8B4424D9731D00C29458 /* ColonyCounter_FinalTests.swift in Sources */,
			);
			runOnlyForDeploymentPostprocessing = 0;
		};
		105E8B4624D9731D00C29458 /* Sources */ = {
			isa = PBXSourcesBuildPhase;
			buildActionMask = 2147483647;
			files = (
				105E8B4F24D9731D00C29458 /* ColonyCounter_FinalUITests.swift in Sources */,
			);
			runOnlyForDeploymentPostprocessing = 0;
		};
/* End PBXSourcesBuildPhase section */

/* Begin PBXTargetDependency section */
		105E8B4124D9731D00C29458 /* PBXTargetDependency */ = {
			isa = PBXTargetDependency;
			target = 105E8B2824D9731B00C29458 /* ColonyCounter_Final */;
			targetProxy = 105E8B4024D9731D00C29458 /* PBXContainerItemProxy */;
		};
		105E8B4C24D9731D00C29458 /* PBXTargetDependency */ = {
			isa = PBXTargetDependency;
			target = 105E8B2824D9731B00C29458 /* ColonyCounter_Final */;
			targetProxy = 105E8B4B24D9731D00C29458 /* PBXContainerItemProxy */;
		};
/* End PBXTargetDependency section */

/* Begin PBXVariantGroup section */
		105E8B3224D9731B00C29458 /* Main.storyboard */ = {
			isa = PBXVariantGroup;
			children = (
				105E8B3324D9731B00C29458 /* Base */,
			);
			name = Main.storyboard;
			sourceTree = "<group>";
		};
		105E8B3724D9731D00C29458 /* LaunchScreen.storyboard */ = {
			isa = PBXVariantGroup;
			children = (
				105E8B3824D9731D00C29458 /* Base */,
			);
			name = LaunchScreen.storyboard;
			sourceTree = "<group>";
		};
/* End PBXVariantGroup section */

/* Begin XCBuildConfiguration section */
		105E8B5124D9731D00C29458 /* Debug */ = {
			isa = XCBuildConfiguration;
			buildSettings = {
				ALWAYS_SEARCH_USER_PATHS = NO;
				CLANG_ANALYZER_NONNULL = YES;
				CLANG_ANALYZER_NUMBER_OBJECT_CONVERSION = YES_AGGRESSIVE;
				CLANG_CXX_LANGUAGE_STANDARD = "gnu++14";
				CLANG_CXX_LIBRARY = "libc++";
				CLANG_ENABLE_MODULES = YES;
				CLANG_ENABLE_OBJC_ARC = YES;
				CLANG_ENABLE_OBJC_WEAK = YES;
				CLANG_WARN_BLOCK_CAPTURE_AUTORELEASING = YES;
				CLANG_WARN_BOOL_CONVERSION = YES;
				CLANG_WARN_COMMA = YES;
				CLANG_WARN_CONSTANT_CONVERSION = YES;
				CLANG_WARN_DEPRECATED_OBJC_IMPLEMENTATIONS = YES;
				CLANG_WARN_DIRECT_OBJC_ISA_USAGE = YES_ERROR;
				CLANG_WARN_DOCUMENTATION_COMMENTS = YES;
				CLANG_WARN_EMPTY_BODY = YES;
				CLANG_WARN_ENUM_CONVERSION = YES;
				CLANG_WARN_INFINITE_RECURSION = YES;
				CLANG_WARN_INT_CONVERSION = YES;
				CLANG_WARN_NON_LITERAL_NULL_CONVERSION = YES;
				CLANG_WARN_OBJC_IMPLICIT_RETAIN_SELF = YES;
				CLANG_WARN_OBJC_LITERAL_CONVERSION = YES;
				CLANG_WARN_OBJC_ROOT_CLASS = YES_ERROR;
				CLANG_WARN_RANGE_LOOP_ANALYSIS = YES;
				CLANG_WARN_STRICT_PROTOTYPES = YES;
				CLANG_WARN_SUSPICIOUS_MOVE = YES;
				CLANG_WARN_UNGUARDED_AVAILABILITY = YES_AGGRESSIVE;
				CLANG_WARN_UNREACHABLE_CODE = YES;
				CLANG_WARN__DUPLICATE_METHOD_MATCH = YES;
				COPY_PHASE_STRIP = NO;
				DEBUG_INFORMATION_FORMAT = dwarf;
				ENABLE_STRICT_OBJC_MSGSEND = YES;
				ENABLE_TESTABILITY = YES;
				GCC_C_LANGUAGE_STANDARD = gnu11;
				GCC_DYNAMIC_NO_PIC = NO;
				GCC_NO_COMMON_BLOCKS = YES;
				GCC_OPTIMIZATION_LEVEL = 0;
				GCC_PREPROCESSOR_DEFINITIONS = (
					"DEBUG=1",
					"$(inherited)",
				);
				GCC_WARN_64_TO_32_BIT_CONVERSION = YES;
				GCC_WARN_ABOUT_RETURN_TYPE = YES_ERROR;
				GCC_WARN_UNDECLARED_SELECTOR = YES;
				GCC_WARN_UNINITIALIZED_AUTOS = YES_AGGRESSIVE;
				GCC_WARN_UNUSED_FUNCTION = YES;
				GCC_WARN_UNUSED_VARIABLE = YES;
				IPHONEOS_DEPLOYMENT_TARGET = 13.6;
				MTL_ENABLE_DEBUG_INFO = INCLUDE_SOURCE;
				MTL_FAST_MATH = YES;
				ONLY_ACTIVE_ARCH = YES;
				SDKROOT = iphoneos;
				SWIFT_ACTIVE_COMPILATION_CONDITIONS = DEBUG;
				SWIFT_OPTIMIZATION_LEVEL = "-Onone";
			};
			name = Debug;
		};
		105E8B5224D9731D00C29458 /* Release */ = {
			isa = XCBuildConfiguration;
			buildSettings = {
				ALWAYS_SEARCH_USER_PATHS = NO;
				CLANG_ANALYZER_NONNULL = YES;
				CLANG_ANALYZER_NUMBER_OBJECT_CONVERSION = YES_AGGRESSIVE;
				CLANG_CXX_LANGUAGE_STANDARD = "gnu++14";
				CLANG_CXX_LIBRARY = "libc++";
				CLANG_ENABLE_MODULES = YES;
				CLANG_ENABLE_OBJC_ARC = YES;
				CLANG_ENABLE_OBJC_WEAK = YES;
				CLANG_WARN_BLOCK_CAPTURE_AUTORELEASING = YES;
				CLANG_WARN_BOOL_CONVERSION = YES;
				CLANG_WARN_COMMA = YES;
				CLANG_WARN_CONSTANT_CONVERSION = YES;
				CLANG_WARN_DEPRECATED_OBJC_IMPLEMENTATIONS = YES;
				CLANG_WARN_DIRECT_OBJC_ISA_USAGE = YES_ERROR;
				CLANG_WARN_DOCUMENTATION_COMMENTS = YES;
				CLANG_WARN_EMPTY_BODY = YES;
				CLANG_WARN_ENUM_CONVERSION = YES;
				CLANG_WARN_INFINITE_RECURSION = YES;
				CLANG_WARN_INT_CONVERSION = YES;
				CLANG_WARN_NON_LITERAL_NULL_CONVERSION = YES;
				CLANG_WARN_OBJC_IMPLICIT_RETAIN_SELF = YES;
				CLANG_WARN_OBJC_LITERAL_CONVERSION = YES;
				CLANG_WARN_OBJC_ROOT_CLASS = YES_ERROR;
				CLANG_WARN_RANGE_LOOP_ANALYSIS = YES;
				CLANG_WARN_STRICT_PROTOTYPES = YES;
				CLANG_WARN_SUSPICIOUS_MOVE = YES;
				CLANG_WARN_UNGUARDED_AVAILABILITY = YES_AGGRESSIVE;
				CLANG_WARN_UNREACHABLE_CODE = YES;
				CLANG_WARN__DUPLICATE_METHOD_MATCH = YES;
				COPY_PHASE_STRIP = NO;
				DEBUG_INFORMATION_FORMAT = "dwarf-with-dsym";
				ENABLE_NS_ASSERTIONS = NO;
				ENABLE_STRICT_OBJC_MSGSEND = YES;
				GCC_C_LANGUAGE_STANDARD = gnu11;
				GCC_NO_COMMON_BLOCKS = YES;
				GCC_WARN_64_TO_32_BIT_CONVERSION = YES;
				GCC_WARN_ABOUT_RETURN_TYPE = YES_ERROR;
				GCC_WARN_UNDECLARED_SELECTOR = YES;
				GCC_WARN_UNINITIALIZED_AUTOS = YES_AGGRESSIVE;
				GCC_WARN_UNUSED_FUNCTION = YES;
				GCC_WARN_UNUSED_VARIABLE = YES;
				IPHONEOS_DEPLOYMENT_TARGET = 13.6;
				MTL_ENABLE_DEBUG_INFO = NO;
				MTL_FAST_MATH = YES;
				SDKROOT = iphoneos;
				SWIFT_COMPILATION_MODE = wholemodule;
				SWIFT_OPTIMIZATION_LEVEL = "-O";
				VALIDATE_PRODUCT = YES;
			};
			name = Release;
		};
		105E8B5424D9731D00C29458 /* Debug */ = {
			isa = XCBuildConfiguration;
			buildSettings = {
				ASSETCATALOG_COMPILER_APPICON_NAME = AppIcon;
				CODE_SIGN_STYLE = Automatic;
				INFOPLIST_FILE = ColonyCounter_Final/Info.plist;
				LD_RUNPATH_SEARCH_PATHS = (
					"$(inherited)",
					"@executable_path/Frameworks",
				);
				PRODUCT_BUNDLE_IDENTIFIER = "ozanbilgili.ColonyCounter-Final";
				PRODUCT_NAME = "$(TARGET_NAME)";
				SWIFT_VERSION = 5.0;
				TARGETED_DEVICE_FAMILY = "1,2";
			};
			name = Debug;
		};
		105E8B5524D9731D00C29458 /* Release */ = {
			isa = XCBuildConfiguration;
			buildSettings = {
				ASSETCATALOG_COMPILER_APPICON_NAME = AppIcon;
				CODE_SIGN_STYLE = Automatic;
				INFOPLIST_FILE = ColonyCounter_Final/Info.plist;
				LD_RUNPATH_SEARCH_PATHS = (
					"$(inherited)",
					"@executable_path/Frameworks",
				);
				PRODUCT_BUNDLE_IDENTIFIER = "ozanbilgili.ColonyCounter-Final";
				PRODUCT_NAME = "$(TARGET_NAME)";
				SWIFT_VERSION = 5.0;
				TARGETED_DEVICE_FAMILY = "1,2";
			};
			name = Release;
		};
		105E8B5724D9731D00C29458 /* Debug */ = {
			isa = XCBuildConfiguration;
			buildSettings = {
				ALWAYS_EMBED_SWIFT_STANDARD_LIBRARIES = YES;
				BUNDLE_LOADER = "$(TEST_HOST)";
				CODE_SIGN_STYLE = Automatic;
				INFOPLIST_FILE = ColonyCounter_FinalTests/Info.plist;
				IPHONEOS_DEPLOYMENT_TARGET = 13.6;
				LD_RUNPATH_SEARCH_PATHS = (
					"$(inherited)",
					"@executable_path/Frameworks",
					"@loader_path/Frameworks",
				);
				PRODUCT_BUNDLE_IDENTIFIER = "ozanbilgili.ColonyCounter-FinalTests";
				PRODUCT_NAME = "$(TARGET_NAME)";
				SWIFT_VERSION = 5.0;
				TARGETED_DEVICE_FAMILY = "1,2";
				TEST_HOST = "$(BUILT_PRODUCTS_DIR)/ColonyCounter_Final.app/ColonyCounter_Final";
			};
			name = Debug;
		};
		105E8B5824D9731D00C29458 /* Release */ = {
			isa = XCBuildConfiguration;
			buildSettings = {
				ALWAYS_EMBED_SWIFT_STANDARD_LIBRARIES = YES;
				BUNDLE_LOADER = "$(TEST_HOST)";
				CODE_SIGN_STYLE = Automatic;
				INFOPLIST_FILE = ColonyCounter_FinalTests/Info.plist;
				IPHONEOS_DEPLOYMENT_TARGET = 13.6;
				LD_RUNPATH_SEARCH_PATHS = (
					"$(inherited)",
					"@executable_path/Frameworks",
					"@loader_path/Frameworks",
				);
				PRODUCT_BUNDLE_IDENTIFIER = "ozanbilgili.ColonyCounter-FinalTests";
				PRODUCT_NAME = "$(TARGET_NAME)";
				SWIFT_VERSION = 5.0;
				TARGETED_DEVICE_FAMILY = "1,2";
				TEST_HOST = "$(BUILT_PRODUCTS_DIR)/ColonyCounter_Final.app/ColonyCounter_Final";
			};
			name = Release;
		};
		105E8B5A24D9731D00C29458 /* Debug */ = {
			isa = XCBuildConfiguration;
			buildSettings = {
				ALWAYS_EMBED_SWIFT_STANDARD_LIBRARIES = YES;
				CODE_SIGN_STYLE = Automatic;
				INFOPLIST_FILE = ColonyCounter_FinalUITests/Info.plist;
				LD_RUNPATH_SEARCH_PATHS = (
					"$(inherited)",
					"@executable_path/Frameworks",
					"@loader_path/Frameworks",
				);
				PRODUCT_BUNDLE_IDENTIFIER = "ozanbilgili.ColonyCounter-FinalUITests";
				PRODUCT_NAME = "$(TARGET_NAME)";
				SWIFT_VERSION = 5.0;
				TARGETED_DEVICE_FAMILY = "1,2";
				TEST_TARGET_NAME = ColonyCounter_Final;
			};
			name = Debug;
		};
		105E8B5B24D9731D00C29458 /* Release */ = {
			isa = XCBuildConfiguration;
			buildSettings = {
				ALWAYS_EMBED_SWIFT_STANDARD_LIBRARIES = YES;
				CODE_SIGN_STYLE = Automatic;
				INFOPLIST_FILE = ColonyCounter_FinalUITests/Info.plist;
				LD_RUNPATH_SEARCH_PATHS = (
					"$(inherited)",
					"@executable_path/Frameworks",
					"@loader_path/Frameworks",
				);
				PRODUCT_BUNDLE_IDENTIFIER = "ozanbilgili.ColonyCounter-FinalUITests";
				PRODUCT_NAME = "$(TARGET_NAME)";
				SWIFT_VERSION = 5.0;
				TARGETED_DEVICE_FAMILY = "1,2";
				TEST_TARGET_NAME = ColonyCounter_Final;
			};
			name = Release;
		};
/* End XCBuildConfiguration section */

/* Begin XCConfigurationList section */
		105E8B2424D9731B00C29458 /* Build configuration list for PBXProject "ColonyCounter_Final" */ = {
			isa = XCConfigurationList;
			buildConfigurations = (
				105E8B5124D9731D00C29458 /* Debug */,
				105E8B5224D9731D00C29458 /* Release */,
			);
			defaultConfigurationIsVisible = 0;
			defaultConfigurationName = Release;
		};
		105E8B5324D9731D00C29458 /* Build configuration list for PBXNativeTarget "ColonyCounter_Final" */ = {
			isa = XCConfigurationList;
			buildConfigurations = (
				105E8B5424D9731D00C29458 /* Debug */,
				105E8B5524D9731D00C29458 /* Release */,
			);
			defaultConfigurationIsVisible = 0;
			defaultConfigurationName = Release;
		};
		105E8B5624D9731D00C29458 /* Build configuration list for PBXNativeTarget "ColonyCounter_FinalTests" */ = {
			isa = XCConfigurationList;
			buildConfigurations = (
				105E8B5724D9731D00C29458 /* Debug */,
				105E8B5824D9731D00C29458 /* Release */,
			);
			defaultConfigurationIsVisible = 0;
			defaultConfigurationName = Release;
		};
		105E8B5924D9731D00C29458 /* Build configuration list for PBXNativeTarget "ColonyCounter_FinalUITests" */ = {
			isa = XCConfigurationList;
			buildConfigurations = (
				105E8B5A24D9731D00C29458 /* Debug */,
				105E8B5B24D9731D00C29458 /* Release */,
			);
			defaultConfigurationIsVisible = 0;
			defaultConfigurationName = Release;
		};
/* End XCConfigurationList section */
	};
	rootObject = 105E8B2124D9731B00C29458 /* Project object */;
}
